// !$*UTF8*$!
{
	archiveVersion = 1;
	classes = {
	};
	objectVersion = 50;
	objects = {

/* Begin PBXBuildFile section */
		CE3422A02301796300E60ED5 /* LocationPostResponse.swift in Sources */ = {isa = PBXBuildFile; fileRef = CE34229F2301796300E60ED5 /* LocationPostResponse.swift */; };
		CE3422A22301B88900E60ED5 /* LocationUpdateResponse.swift in Sources */ = {isa = PBXBuildFile; fileRef = CE3422A12301B88900E60ED5 /* LocationUpdateResponse.swift */; };
		CECACE2922F9C48C0088505A /* AppDelegate.swift in Sources */ = {isa = PBXBuildFile; fileRef = CECACE2822F9C48C0088505A /* AppDelegate.swift */; };
		CECACE2B22F9C48C0088505A /* LoginViewController.swift in Sources */ = {isa = PBXBuildFile; fileRef = CECACE2A22F9C48C0088505A /* LoginViewController.swift */; };
		CECACE2E22F9C48C0088505A /* Main.storyboard in Resources */ = {isa = PBXBuildFile; fileRef = CECACE2C22F9C48C0088505A /* Main.storyboard */; };
		CECACE3022F9C48F0088505A /* Assets.xcassets in Resources */ = {isa = PBXBuildFile; fileRef = CECACE2F22F9C48F0088505A /* Assets.xcassets */; };
		CECACE3322F9C48F0088505A /* LaunchScreen.storyboard in Resources */ = {isa = PBXBuildFile; fileRef = CECACE3122F9C48F0088505A /* LaunchScreen.storyboard */; };
		CECACE3C22FAC9020088505A /* MapViewController.swift in Sources */ = {isa = PBXBuildFile; fileRef = CECACE3B22FAC9020088505A /* MapViewController.swift */; };
		CECACE3E22FAC9270088505A /* TableTableViewController.swift in Sources */ = {isa = PBXBuildFile; fileRef = CECACE3D22FAC9270088505A /* TableTableViewController.swift */; };
		CECACE4222FAC9D50088505A /* InformationPostingViewController.swift in Sources */ = {isa = PBXBuildFile; fileRef = CECACE4122FAC9D50088505A /* InformationPostingViewController.swift */; };
		CECACE4422FACA120088505A /* NewLocationMapViewController.swift in Sources */ = {isa = PBXBuildFile; fileRef = CECACE4322FACA120088505A /* NewLocationMapViewController.swift */; };
		CECACE4722FAE0AB0088505A /* StudentLocation.swift in Sources */ = {isa = PBXBuildFile; fileRef = CECACE4622FAE0AB0088505A /* StudentLocation.swift */; };
		CECACE4B22FAE76B0088505A /* MapClient.swift in Sources */ = {isa = PBXBuildFile; fileRef = CECACE4A22FAE76B0088505A /* MapClient.swift */; };
		CECACE4D22FAF2D90088505A /* StudentModel.swift in Sources */ = {isa = PBXBuildFile; fileRef = CECACE4C22FAF2D90088505A /* StudentModel.swift */; };
		CECACE5122FD61A70088505A /* GeocodedStudent.swift in Sources */ = {isa = PBXBuildFile; fileRef = CECACE5022FD61A70088505A /* GeocodedStudent.swift */; };
		CECACE5322FDBB650088505A /* LoginRequest.swift in Sources */ = {isa = PBXBuildFile; fileRef = CECACE5222FDBB650088505A /* LoginRequest.swift */; };
		CECACE5522FDBD210088505A /* LoginResponse.swift in Sources */ = {isa = PBXBuildFile; fileRef = CECACE5422FDBD210088505A /* LoginResponse.swift */; };
/* End PBXBuildFile section */

/* Begin PBXFileReference section */
		CE34229F2301796300E60ED5 /* LocationPostResponse.swift */ = {isa = PBXFileReference; lastKnownFileType = sourcecode.swift; path = LocationPostResponse.swift; sourceTree = "<group>"; };
		CE3422A12301B88900E60ED5 /* LocationUpdateResponse.swift */ = {isa = PBXFileReference; lastKnownFileType = sourcecode.swift; path = LocationUpdateResponse.swift; sourceTree = "<group>"; };
		CECACE2522F9C48C0088505A /* On The Map.app */ = {isa = PBXFileReference; explicitFileType = wrapper.application; includeInIndex = 0; path = "On The Map.app"; sourceTree = BUILT_PRODUCTS_DIR; };
		CECACE2822F9C48C0088505A /* AppDelegate.swift */ = {isa = PBXFileReference; lastKnownFileType = sourcecode.swift; path = AppDelegate.swift; sourceTree = "<group>"; };
		CECACE2A22F9C48C0088505A /* LoginViewController.swift */ = {isa = PBXFileReference; lastKnownFileType = sourcecode.swift; path = LoginViewController.swift; sourceTree = "<group>"; };
		CECACE2D22F9C48C0088505A /* Base */ = {isa = PBXFileReference; lastKnownFileType = file.storyboard; name = Base; path = Base.lproj/Main.storyboard; sourceTree = "<group>"; };
		CECACE2F22F9C48F0088505A /* Assets.xcassets */ = {isa = PBXFileReference; lastKnownFileType = folder.assetcatalog; path = Assets.xcassets; sourceTree = "<group>"; };
		CECACE3222F9C48F0088505A /* Base */ = {isa = PBXFileReference; lastKnownFileType = file.storyboard; name = Base; path = Base.lproj/LaunchScreen.storyboard; sourceTree = "<group>"; };
		CECACE3422F9C48F0088505A /* Info.plist */ = {isa = PBXFileReference; lastKnownFileType = text.plist.xml; path = Info.plist; sourceTree = "<group>"; };
		CECACE3B22FAC9020088505A /* MapViewController.swift */ = {isa = PBXFileReference; lastKnownFileType = sourcecode.swift; path = MapViewController.swift; sourceTree = "<group>"; };
		CECACE3D22FAC9270088505A /* TableTableViewController.swift */ = {isa = PBXFileReference; lastKnownFileType = sourcecode.swift; path = TableTableViewController.swift; sourceTree = "<group>"; };
		CECACE4122FAC9D50088505A /* InformationPostingViewController.swift */ = {isa = PBXFileReference; lastKnownFileType = sourcecode.swift; path = InformationPostingViewController.swift; sourceTree = "<group>"; };
		CECACE4322FACA120088505A /* NewLocationMapViewController.swift */ = {isa = PBXFileReference; lastKnownFileType = sourcecode.swift; path = NewLocationMapViewController.swift; sourceTree = "<group>"; };
		CECACE4622FAE0AB0088505A /* StudentLocation.swift */ = {isa = PBXFileReference; lastKnownFileType = sourcecode.swift; path = StudentLocation.swift; sourceTree = "<group>"; };
		CECACE4A22FAE76B0088505A /* MapClient.swift */ = {isa = PBXFileReference; lastKnownFileType = sourcecode.swift; path = MapClient.swift; sourceTree = "<group>"; };
		CECACE4C22FAF2D90088505A /* StudentModel.swift */ = {isa = PBXFileReference; lastKnownFileType = sourcecode.swift; path = StudentModel.swift; sourceTree = "<group>"; };
		CECACE5022FD61A70088505A /* GeocodedStudent.swift */ = {isa = PBXFileReference; lastKnownFileType = sourcecode.swift; path = GeocodedStudent.swift; sourceTree = "<group>"; };
		CECACE5222FDBB650088505A /* LoginRequest.swift */ = {isa = PBXFileReference; lastKnownFileType = sourcecode.swift; path = LoginRequest.swift; sourceTree = "<group>"; };
		CECACE5422FDBD210088505A /* LoginResponse.swift */ = {isa = PBXFileReference; lastKnownFileType = sourcecode.swift; path = LoginResponse.swift; sourceTree = "<group>"; };
/* End PBXFileReference section */

/* Begin PBXFrameworksBuildPhase section */
		CECACE2222F9C48C0088505A /* Frameworks */ = {
			isa = PBXFrameworksBuildPhase;
			buildActionMask = 2147483647;
			files = (
			);
			runOnlyForDeploymentPostprocessing = 0;
		};
/* End PBXFrameworksBuildPhase section */

/* Begin PBXGroup section */
		CE3422A32302A09A00E60ED5 /* Data */ = {
			isa = PBXGroup;
			children = (
				CECACE4C22FAF2D90088505A /* StudentModel.swift */,
				CECACE4622FAE0AB0088505A /* StudentLocation.swift */,
			);
			path = Data;
			sourceTree = "<group>";
		};
		CE3422A42302A0A300E60ED5 /* Requests */ = {
			isa = PBXGroup;
			children = (
				CECACE5222FDBB650088505A /* LoginRequest.swift */,
			);
			path = Requests;
			sourceTree = "<group>";
		};
		CE3422A52302A0AB00E60ED5 /* Responses */ = {
			isa = PBXGroup;
			children = (
				CECACE5422FDBD210088505A /* LoginResponse.swift */,
				CE34229F2301796300E60ED5 /* LocationPostResponse.swift */,
				CE3422A12301B88900E60ED5 /* LocationUpdateResponse.swift */,
			);
			path = Responses;
			sourceTree = "<group>";
		};
		CECACE1C22F9C48C0088505A = {
			isa = PBXGroup;
			children = (
				CECACE2722F9C48C0088505A /* On The Map */,
				CECACE2622F9C48C0088505A /* Products */,
			);
			sourceTree = "<group>";
		};
		CECACE2622F9C48C0088505A /* Products */ = {
			isa = PBXGroup;
			children = (
				CECACE2522F9C48C0088505A /* On The Map.app */,
			);
			name = Products;
			sourceTree = "<group>";
		};
		CECACE2722F9C48C0088505A /* On The Map */ = {
			isa = PBXGroup;
			children = (
				CECACE2822F9C48C0088505A /* AppDelegate.swift */,
				CECACE4522FAD4D20088505A /* Model */,
				CECACE3A22FAC7EE0088505A /* Controllers */,
				CECACE2C22F9C48C0088505A /* Main.storyboard */,
				CECACE2F22F9C48F0088505A /* Assets.xcassets */,
				CECACE3122F9C48F0088505A /* LaunchScreen.storyboard */,
				CECACE3422F9C48F0088505A /* Info.plist */,
			);
			path = "On The Map";
			sourceTree = "<group>";
		};
		CECACE3A22FAC7EE0088505A /* Controllers */ = {
			isa = PBXGroup;
			children = (
				CECACE2A22F9C48C0088505A /* LoginViewController.swift */,
				CECACE3B22FAC9020088505A /* MapViewController.swift */,
				CECACE3D22FAC9270088505A /* TableTableViewController.swift */,
				CECACE4122FAC9D50088505A /* InformationPostingViewController.swift */,
				CECACE4322FACA120088505A /* NewLocationMapViewController.swift */,
			);
			path = Controllers;
			sourceTree = "<group>";
		};
		CECACE4522FAD4D20088505A /* Model */ = {
			isa = PBXGroup;
			children = (
				CECACE4A22FAE76B0088505A /* MapClient.swift */,
				CE3422A52302A0AB00E60ED5 /* Responses */,
				CE3422A42302A0A300E60ED5 /* Requests */,
				CE3422A32302A09A00E60ED5 /* Data */,
				CECACE5022FD61A70088505A /* GeocodedStudent.swift */,
			);
			path = Model;
			sourceTree = "<group>";
		};
/* End PBXGroup section */

/* Begin PBXNativeTarget section */
		CECACE2422F9C48C0088505A /* On The Map */ = {
			isa = PBXNativeTarget;
			buildConfigurationList = CECACE3722F9C48F0088505A /* Build configuration list for PBXNativeTarget "On The Map" */;
			buildPhases = (
				CECACE2122F9C48C0088505A /* Sources */,
				CECACE2222F9C48C0088505A /* Frameworks */,
				CECACE2322F9C48C0088505A /* Resources */,
			);
			buildRules = (
			);
			dependencies = (
			);
			name = "On The Map";
			productName = "On The Map";
			productReference = CECACE2522F9C48C0088505A /* On The Map.app */;
			productType = "com.apple.product-type.application";
		};
/* End PBXNativeTarget section */

/* Begin PBXProject section */
		CECACE1D22F9C48C0088505A /* Project object */ = {
			isa = PBXProject;
			attributes = {
				LastSwiftUpdateCheck = 1030;
				LastUpgradeCheck = 1030;
				ORGANIZATIONNAME = "Sean Williams";
				TargetAttributes = {
					CECACE2422F9C48C0088505A = {
						CreatedOnToolsVersion = 10.3;
					};
				};
			};
			buildConfigurationList = CECACE2022F9C48C0088505A /* Build configuration list for PBXProject "On The Map" */;
			compatibilityVersion = "Xcode 9.3";
			developmentRegion = en;
			hasScannedForEncodings = 0;
			knownRegions = (
				en,
				Base,
			);
			mainGroup = CECACE1C22F9C48C0088505A;
			productRefGroup = CECACE2622F9C48C0088505A /* Products */;
			projectDirPath = "";
			projectRoot = "";
			targets = (
				CECACE2422F9C48C0088505A /* On The Map */,
			);
		};
/* End PBXProject section */

/* Begin PBXResourcesBuildPhase section */
		CECACE2322F9C48C0088505A /* Resources */ = {
			isa = PBXResourcesBuildPhase;
			buildActionMask = 2147483647;
			files = (
				CECACE3322F9C48F0088505A /* LaunchScreen.storyboard in Resources */,
				CECACE3022F9C48F0088505A /* Assets.xcassets in Resources */,
				CECACE2E22F9C48C0088505A /* Main.storyboard in Resources */,
			);
			runOnlyForDeploymentPostprocessing = 0;
		};
/* End PBXResourcesBuildPhase section */

/* Begin PBXSourcesBuildPhase section */
		CECACE2122F9C48C0088505A /* Sources */ = {
			isa = PBXSourcesBuildPhase;
			buildActionMask = 2147483647;
			files = (
				CECACE3E22FAC9270088505A /* TableTableViewController.swift in Sources */,
				CECACE4D22FAF2D90088505A /* StudentModel.swift in Sources */,
				CECACE5522FDBD210088505A /* LoginResponse.swift in Sources */,
				CECACE4222FAC9D50088505A /* InformationPostingViewController.swift in Sources */,
				CECACE5122FD61A70088505A /* GeocodedStudent.swift in Sources */,
				CECACE4722FAE0AB0088505A /* StudentLocation.swift in Sources */,
				CECACE2B22F9C48C0088505A /* LoginViewController.swift in Sources */,
				CECACE4422FACA120088505A /* NewLocationMapViewController.swift in Sources */,
				CE3422A02301796300E60ED5 /* LocationPostResponse.swift in Sources */,
				CECACE3C22FAC9020088505A /* MapViewController.swift in Sources */,
				CECACE2922F9C48C0088505A /* AppDelegate.swift in Sources */,
				CECACE4B22FAE76B0088505A /* MapClient.swift in Sources */,
				CE3422A22301B88900E60ED5 /* LocationUpdateResponse.swift in Sources */,
				CECACE5322FDBB650088505A /* LoginRequest.swift in Sources */,
			);
			runOnlyForDeploymentPostprocessing = 0;
		};
/* End PBXSourcesBuildPhase section */

/* Begin PBXVariantGroup section */
		CECACE2C22F9C48C0088505A /* Main.storyboard */ = {
			isa = PBXVariantGroup;
			children = (
				CECACE2D22F9C48C0088505A /* Base */,
			);
			name = Main.storyboard;
			sourceTree = "<group>";
		};
		CECACE3122F9C48F0088505A /* LaunchScreen.storyboard */ = {
			isa = PBXVariantGroup;
			children = (
				CECACE3222F9C48F0088505A /* Base */,
			);
			name = LaunchScreen.storyboard;
			sourceTree = "<group>";
		};
/* End PBXVariantGroup section */

/* Begin XCBuildConfiguration section */
		CECACE3522F9C48F0088505A /* Debug */ = {
			isa = XCBuildConfiguration;
			buildSettings = {
				ALWAYS_SEARCH_USER_PATHS = NO;
				CLANG_ANALYZER_NONNULL = YES;
				CLANG_ANALYZER_NUMBER_OBJECT_CONVERSION = YES_AGGRESSIVE;
				CLANG_CXX_LANGUAGE_STANDARD = "gnu++14";
				CLANG_CXX_LIBRARY = "libc++";
				CLANG_ENABLE_MODULES = YES;
				CLANG_ENABLE_OBJC_ARC = YES;
				CLANG_ENABLE_OBJC_WEAK = YES;
				CLANG_WARN_BLOCK_CAPTURE_AUTORELEASING = YES;
				CLANG_WARN_BOOL_CONVERSION = YES;
				CLANG_WARN_COMMA = YES;
				CLANG_WARN_CONSTANT_CONVERSION = YES;
				CLANG_WARN_DEPRECATED_OBJC_IMPLEMENTATIONS = YES;
				CLANG_WARN_DIRECT_OBJC_ISA_USAGE = YES_ERROR;
				CLANG_WARN_DOCUMENTATION_COMMENTS = YES;
				CLANG_WARN_EMPTY_BODY = YES;
				CLANG_WARN_ENUM_CONVERSION = YES;
				CLANG_WARN_INFINITE_RECURSION = YES;
				CLANG_WARN_INT_CONVERSION = YES;
				CLANG_WARN_NON_LITERAL_NULL_CONVERSION = YES;
				CLANG_WARN_OBJC_IMPLICIT_RETAIN_SELF = YES;
				CLANG_WARN_OBJC_LITERAL_CONVERSION = YES;
				CLANG_WARN_OBJC_ROOT_CLASS = YES_ERROR;
				CLANG_WARN_RANGE_LOOP_ANALYSIS = YES;
				CLANG_WARN_STRICT_PROTOTYPES = YES;
				CLANG_WARN_SUSPICIOUS_MOVE = YES;
				CLANG_WARN_UNGUARDED_AVAILABILITY = YES_AGGRESSIVE;
				CLANG_WARN_UNREACHABLE_CODE = YES;
				CLANG_WARN__DUPLICATE_METHOD_MATCH = YES;
				CODE_SIGN_IDENTITY = "iPhone Developer";
				COPY_PHASE_STRIP = NO;
				DEBUG_INFORMATION_FORMAT = dwarf;
				ENABLE_STRICT_OBJC_MSGSEND = YES;
				ENABLE_TESTABILITY = YES;
				GCC_C_LANGUAGE_STANDARD = gnu11;
				GCC_DYNAMIC_NO_PIC = NO;
				GCC_NO_COMMON_BLOCKS = YES;
				GCC_OPTIMIZATION_LEVEL = 0;
				GCC_PREPROCESSOR_DEFINITIONS = (
					"DEBUG=1",
					"$(inherited)",
				);
				GCC_WARN_64_TO_32_BIT_CONVERSION = YES;
				GCC_WARN_ABOUT_RETURN_TYPE = YES_ERROR;
				GCC_WARN_UNDECLARED_SELECTOR = YES;
				GCC_WARN_UNINITIALIZED_AUTOS = YES_AGGRESSIVE;
				GCC_WARN_UNUSED_FUNCTION = YES;
				GCC_WARN_UNUSED_VARIABLE = YES;
				IPHONEOS_DEPLOYMENT_TARGET = 12.4;
				MTL_ENABLE_DEBUG_INFO = INCLUDE_SOURCE;
				MTL_FAST_MATH = YES;
				ONLY_ACTIVE_ARCH = YES;
				SDKROOT = iphoneos;
				SWIFT_ACTIVE_COMPILATION_CONDITIONS = DEBUG;
				SWIFT_OPTIMIZATION_LEVEL = "-Onone";
			};
			name = Debug;
		};
		CECACE3622F9C48F0088505A /* Release */ = {
			isa = XCBuildConfiguration;
			buildSettings = {
				ALWAYS_SEARCH_USER_PATHS = NO;
				CLANG_ANALYZER_NONNULL = YES;
				CLANG_ANALYZER_NUMBER_OBJECT_CONVERSION = YES_AGGRESSIVE;
				CLANG_CXX_LANGUAGE_STANDARD = "gnu++14";
				CLANG_CXX_LIBRARY = "libc++";
				CLANG_ENABLE_MODULES = YES;
				CLANG_ENABLE_OBJC_ARC = YES;
				CLANG_ENABLE_OBJC_WEAK = YES;
				CLANG_WARN_BLOCK_CAPTURE_AUTORELEASING = YES;
				CLANG_WARN_BOOL_CONVERSION = YES;
				CLANG_WARN_COMMA = YES;
				CLANG_WARN_CONSTANT_CONVERSION = YES;
				CLANG_WARN_DEPRECATED_OBJC_IMPLEMENTATIONS = YES;
				CLANG_WARN_DIRECT_OBJC_ISA_USAGE = YES_ERROR;
				CLANG_WARN_DOCUMENTATION_COMMENTS = YES;
				CLANG_WARN_EMPTY_BODY = YES;
				CLANG_WARN_ENUM_CONVERSION = YES;
				CLANG_WARN_INFINITE_RECURSION = YES;
				CLANG_WARN_INT_CONVERSION = YES;
				CLANG_WARN_NON_LITERAL_NULL_CONVERSION = YES;
				CLANG_WARN_OBJC_IMPLICIT_RETAIN_SELF = YES;
				CLANG_WARN_OBJC_LITERAL_CONVERSION = YES;
				CLANG_WARN_OBJC_ROOT_CLASS = YES_ERROR;
				CLANG_WARN_RANGE_LOOP_ANALYSIS = YES;
				CLANG_WARN_STRICT_PROTOTYPES = YES;
				CLANG_WARN_SUSPICIOUS_MOVE = YES;
				CLANG_WARN_UNGUARDED_AVAILABILITY = YES_AGGRESSIVE;
				CLANG_WARN_UNREACHABLE_CODE = YES;
				CLANG_WARN__DUPLICATE_METHOD_MATCH = YES;
				CODE_SIGN_IDENTITY = "iPhone Developer";
				COPY_PHASE_STRIP = NO;
				DEBUG_INFORMATION_FORMAT = "dwarf-with-dsym";
				ENABLE_NS_ASSERTIONS = NO;
				ENABLE_STRICT_OBJC_MSGSEND = YES;
				GCC_C_LANGUAGE_STANDARD = gnu11;
				GCC_NO_COMMON_BLOCKS = YES;
				GCC_WARN_64_TO_32_BIT_CONVERSION = YES;
				GCC_WARN_ABOUT_RETURN_TYPE = YES_ERROR;
				GCC_WARN_UNDECLARED_SELECTOR = YES;
				GCC_WARN_UNINITIALIZED_AUTOS = YES_AGGRESSIVE;
				GCC_WARN_UNUSED_FUNCTION = YES;
				GCC_WARN_UNUSED_VARIABLE = YES;
				IPHONEOS_DEPLOYMENT_TARGET = 12.4;
				MTL_ENABLE_DEBUG_INFO = NO;
				MTL_FAST_MATH = YES;
				SDKROOT = iphoneos;
				SWIFT_COMPILATION_MODE = wholemodule;
				SWIFT_OPTIMIZATION_LEVEL = "-O";
				VALIDATE_PRODUCT = YES;
			};
			name = Release;
		};
		CECACE3822F9C48F0088505A /* Debug */ = {
			isa = XCBuildConfiguration;
			buildSettings = {
				ASSETCATALOG_COMPILER_APPICON_NAME = AppIcon;
				CODE_SIGN_STYLE = Automatic;
				DEVELOPMENT_TEAM = DN4729AK8V;
				INFOPLIST_FILE = "On The Map/Info.plist";
				LD_RUNPATH_SEARCH_PATHS = (
					"$(inherited)",
					"@executable_path/Frameworks",
				);
				PRODUCT_BUNDLE_IDENTIFIER = "com.seanwilliams.On-The-Map";
				PRODUCT_NAME = "$(TARGET_NAME)";
				SWIFT_VERSION = 5.0;
				TARGETED_DEVICE_FAMILY = "1,2";
			};
			name = Debug;
		};
		CECACE3922F9C48F0088505A /* Release */ = {
			isa = XCBuildConfiguration;
			buildSettings = {
				ASSETCATALOG_COMPILER_APPICON_NAME = AppIcon;
				CODE_SIGN_STYLE = Automatic;
				DEVELOPMENT_TEAM = DN4729AK8V;
				INFOPLIST_FILE = "On The Map/Info.plist";
				LD_RUNPATH_SEARCH_PATHS = (
					"$(inherited)",
					"@executable_path/Frameworks",
				);
				PRODUCT_BUNDLE_IDENTIFIER = "com.seanwilliams.On-The-Map";
				PRODUCT_NAME = "$(TARGET_NAME)";
				SWIFT_VERSION = 5.0;
				TARGETED_DEVICE_FAMILY = "1,2";
			};
			name = Release;
		};
/* End XCBuildConfiguration section */

/* Begin XCConfigurationList section */
		CECACE2022F9C48C0088505A /* Build configuration list for PBXProject "On The Map" */ = {
			isa = XCConfigurationList;
			buildConfigurations = (
				CECACE3522F9C48F0088505A /* Debug */,
				CECACE3622F9C48F0088505A /* Release */,
			);
			defaultConfigurationIsVisible = 0;
			defaultConfigurationName = Release;
		};
		CECACE3722F9C48F0088505A /* Build configuration list for PBXNativeTarget "On The Map" */ = {
			isa = XCConfigurationList;
			buildConfigurations = (
				CECACE3822F9C48F0088505A /* Debug */,
				CECACE3922F9C48F0088505A /* Release */,
			);
			defaultConfigurationIsVisible = 0;
			defaultConfigurationName = Release;
		};
/* End XCConfigurationList section */
	};
	rootObject = CECACE1D22F9C48C0088505A /* Project object */;
}
